Microsoft Visual Studio Solution File, Format Version 12.00
# Visual Studio 15
VisualStudioVersion = 15.0.26730.15
MinimumVisualStudioVersion = 10.0.40219.1
Project("{2150E333-8FDC-42A3-9474-1A3956D46DE8}") = "Solution Items", "Solution Items", "{C431902B-34F0-4C4C-8A3C-5513BE55A3D4}"
	ProjectSection(SolutionItems) = preProject
		.editorconfig = .editorconfig
		.gitignore = .gitignore
		README.md = README.md
		version.json = version.json
	EndProjectSection
EndProject
Project("{2150E333-8FDC-42A3-9474-1A3956D46DE8}") = "src", "src", "{52028C35-5636-452C-A5BE-46B0EA0EF5D2}"
EndProject
Project("{9A19103F-16F7-4668-BE54-9A1E7A4F7556}") = "ILSpy.MsilSpy", "src\ILSpy.MsilSpy\ILSpy.MsilSpy.csproj", "{3534BAC0-81C9-4571-B68A-D9DFBEBD7840}"
EndProject
Project("{9A19103F-16F7-4668-BE54-9A1E7A4F7556}") = "ILSpy.Host", "src\ILSpy.Host\ILSpy.Host.csproj", "{C48B3964-1CC1-4CF5-AA5A-EC96E491DBAC}"
EndProject
Project("{2150E333-8FDC-42A3-9474-1A3956D46DE8}") = "test", "test", "{A40CFEFF-8CA9-4EAE-BA24-A2339CE505A9}"
EndProject
Project("{2150E333-8FDC-42A3-9474-1A3956D46DE8}") = "OmniSharp", "OmniSharp", "{10FF230D-791B-4B40-9FEF-A4B21FEED654}"
EndProject
Project("{9A19103F-16F7-4668-BE54-9A1E7A4F7556}") = "OmniSharp.Abstractions", "omnisharp-roslyn\src\OmniSharp.Abstractions\OmniSharp.Abstractions.csproj", "{71BD64D3-A6F3-4889-B16E-B44230D55434}"
EndProject
Project("{9A19103F-16F7-4668-BE54-9A1E7A4F7556}") = "OmniSharp.Stdio", "omnisharp-roslyn\src\OmniSharp.Stdio\OmniSharp.Stdio.csproj", "{62B9EE13-CD5C-400D-B526-905FD6C60487}"
EndProject
Global
	GlobalSection(SolutionConfigurationPlatforms) = preSolution
		Debug|Any CPU = Debug|Any CPU
		Debug|x64 = Debug|x64
		Debug|x86 = Debug|x86
		Release|Any CPU = Release|Any CPU
		Release|x64 = Release|x64
		Release|x86 = Release|x86
	EndGlobalSection
	GlobalSection(ProjectConfigurationPlatforms) = postSolution
		{3534BAC0-81C9-4571-B68A-D9DFBEBD7840}.Debug|Any CPU.ActiveCfg = Debug|Any CPU
		{3534BAC0-81C9-4571-B68A-D9DFBEBD7840}.Debug|Any CPU.Build.0 = Debug|Any CPU
		{3534BAC0-81C9-4571-B68A-D9DFBEBD7840}.Debug|x64.ActiveCfg = Debug|Any CPU
		{3534BAC0-81C9-4571-B68A-D9DFBEBD7840}.Debug|x64.Build.0 = Debug|Any CPU
		{3534BAC0-81C9-4571-B68A-D9DFBEBD7840}.Debug|x86.ActiveCfg = Debug|Any CPU
		{3534BAC0-81C9-4571-B68A-D9DFBEBD7840}.Debug|x86.Build.0 = Debug|Any CPU
		{3534BAC0-81C9-4571-B68A-D9DFBEBD7840}.Release|Any CPU.ActiveCfg = Release|Any CPU
		{3534BAC0-81C9-4571-B68A-D9DFBEBD7840}.Release|Any CPU.Build.0 = Release|Any CPU
		{3534BAC0-81C9-4571-B68A-D9DFBEBD7840}.Release|x64.ActiveCfg = Release|Any CPU
		{3534BAC0-81C9-4571-B68A-D9DFBEBD7840}.Release|x64.Build.0 = Release|Any CPU
		{3534BAC0-81C9-4571-B68A-D9DFBEBD7840}.Release|x86.ActiveCfg = Release|Any CPU
		{3534BAC0-81C9-4571-B68A-D9DFBEBD7840}.Release|x86.Build.0 = Release|Any CPU
		{C48B3964-1CC1-4CF5-AA5A-EC96E491DBAC}.Debug|Any CPU.ActiveCfg = Debug|Any CPU
		{C48B3964-1CC1-4CF5-AA5A-EC96E491DBAC}.Debug|Any CPU.Build.0 = Debug|Any CPU
		{C48B3964-1CC1-4CF5-AA5A-EC96E491DBAC}.Debug|x64.ActiveCfg = Debug|Any CPU
		{C48B3964-1CC1-4CF5-AA5A-EC96E491DBAC}.Debug|x64.Build.0 = Debug|Any CPU
		{C48B3964-1CC1-4CF5-AA5A-EC96E491DBAC}.Debug|x86.ActiveCfg = Debug|Any CPU
		{C48B3964-1CC1-4CF5-AA5A-EC96E491DBAC}.Debug|x86.Build.0 = Debug|Any CPU
		{C48B3964-1CC1-4CF5-AA5A-EC96E491DBAC}.Release|Any CPU.ActiveCfg = Release|Any CPU
		{C48B3964-1CC1-4CF5-AA5A-EC96E491DBAC}.Release|Any CPU.Build.0 = Release|Any CPU
		{C48B3964-1CC1-4CF5-AA5A-EC96E491DBAC}.Release|x64.ActiveCfg = Release|Any CPU
		{C48B3964-1CC1-4CF5-AA5A-EC96E491DBAC}.Release|x64.Build.0 = Release|Any CPU
		{C48B3964-1CC1-4CF5-AA5A-EC96E491DBAC}.Release|x86.ActiveCfg = Release|Any CPU
		{C48B3964-1CC1-4CF5-AA5A-EC96E491DBAC}.Release|x86.Build.0 = Release|Any CPU
		{71BD64D3-A6F3-4889-B16E-B44230D55434}.Debug|Any CPU.ActiveCfg = Debug|Any CPU
		{71BD64D3-A6F3-4889-B16E-B44230D55434}.Debug|Any CPU.Build.0 = Debug|Any CPU
		{71BD64D3-A6F3-4889-B16E-B44230D55434}.Debug|x64.ActiveCfg = Debug|Any CPU
		{71BD64D3-A6F3-4889-B16E-B44230D55434}.Debug|x64.Build.0 = Debug|Any CPU
		{71BD64D3-A6F3-4889-B16E-B44230D55434}.Debug|x86.ActiveCfg = Debug|Any CPU
		{71BD64D3-A6F3-4889-B16E-B44230D55434}.Debug|x86.Build.0 = Debug|Any CPU
		{71BD64D3-A6F3-4889-B16E-B44230D55434}.Release|Any CPU.ActiveCfg = Release|Any CPU
		{71BD64D3-A6F3-4889-B16E-B44230D55434}.Release|Any CPU.Build.0 = Release|Any CPU
		{71BD64D3-A6F3-4889-B16E-B44230D55434}.Release|x64.ActiveCfg = Release|Any CPU
		{71BD64D3-A6F3-4889-B16E-B44230D55434}.Release|x64.Build.0 = Release|Any CPU
		{71BD64D3-A6F3-4889-B16E-B44230D55434}.Release|x86.ActiveCfg = Release|Any CPU
		{71BD64D3-A6F3-4889-B16E-B44230D55434}.Release|x86.Build.0 = Release|Any CPU
		{62B9EE13-CD5C-400D-B526-905FD6C60487}.Debug|Any CPU.ActiveCfg = Debug|Any CPU
		{62B9EE13-CD5C-400D-B526-905FD6C60487}.Debug|Any CPU.Build.0 = Debug|Any CPU
		{62B9EE13-CD5C-400D-B526-905FD6C60487}.Debug|x64.ActiveCfg = Debug|Any CPU
		{62B9EE13-CD5C-400D-B526-905FD6C60487}.Debug|x64.Build.0 = Debug|Any CPU
		{62B9EE13-CD5C-400D-B526-905FD6C60487}.Debug|x86.ActiveCfg = Debug|Any CPU
		{62B9EE13-CD5C-400D-B526-905FD6C60487}.Debug|x86.Build.0 = Debug|Any CPU
		{62B9EE13-CD5C-400D-B526-905FD6C60487}.Release|Any CPU.ActiveCfg = Release|Any CPU
		{62B9EE13-CD5C-400D-B526-905FD6C60487}.Release|Any CPU.Build.0 = Release|Any CPU
		{62B9EE13-CD5C-400D-B526-905FD6C60487}.Release|x64.ActiveCfg = Release|Any CPU
		{62B9EE13-CD5C-400D-B526-905FD6C60487}.Release|x64.Build.0 = Release|Any CPU
		{62B9EE13-CD5C-400D-B526-905FD6C60487}.Release|x86.ActiveCfg = Release|Any CPU
		{62B9EE13-CD5C-400D-B526-905FD6C60487}.Release|x86.Build.0 = Release|Any CPU
	EndGlobalSection
	GlobalSection(SolutionProperties) = preSolution
		HideSolutionNode = FALSE
	EndGlobalSection
	GlobalSection(NestedProjects) = preSolution
		{3534BAC0-81C9-4571-B68A-D9DFBEBD7840} = {52028C35-5636-452C-A5BE-46B0EA0EF5D2}
		{C48B3964-1CC1-4CF5-AA5A-EC96E491DBAC} = {52028C35-5636-452C-A5BE-46B0EA0EF5D2}
		{71BD64D3-A6F3-4889-B16E-B44230D55434} = {10FF230D-791B-4B40-9FEF-A4B21FEED654}
		{62B9EE13-CD5C-400D-B526-905FD6C60487} = {10FF230D-791B-4B40-9FEF-A4B21FEED654}
	EndGlobalSection
	GlobalSection(ExtensibilityGlobals) = postSolution
		SolutionGuid = {EFAC308B-D2E0-45A1-BB49-EE205AA52626}
	EndGlobalSection
EndGlobal
