
Microsoft Visual Studio Solution File, Format Version 12.00
# Visual Studio Version 16
VisualStudioVersion = 16.0.31112.23
MinimumVisualStudioVersion = 10.0.40219.1
Project("{2150E333-8FDC-42A3-9474-1A3956D46DE8}") = "Solution Items", "Solution Items", "{C431902B-34F0-4C4C-8A3C-5513BE55A3D4}"
	ProjectSection(SolutionItems) = preProject
		..\appveyor.yml = ..\appveyor.yml
		..\.github\workflows\ci.yml = ..\.github\workflows\ci.yml
		LICENSE.TXT = LICENSE.TXT
		README.md = README.md
		version.json = version.json
	EndProjectSection
EndProject
Project("{2150E333-8FDC-42A3-9474-1A3956D46DE8}") = "src", "src", "{52028C35-5636-452C-A5BE-46B0EA0EF5D2}"
EndProject
Project("{2150E333-8FDC-42A3-9474-1A3956D46DE8}") = "test", "test", "{A40CFEFF-8CA9-4EAE-BA24-A2339CE505A9}"
EndProject
Project("{FAE04EC0-301F-11D3-BF4B-00C04F79EFBC}") = "TestAssembly", "test\TestAssembly\TestAssembly.csproj", "{98030DE1-DC87-4E74-8201-FE8E93E826B5}"
EndProject
Project("{9A19103F-16F7-4668-BE54-9A1E7A4F7556}") = "ILSpy.Backend", "src\ILSpy.Backend\ILSpy.Backend.csproj", "{A97B9A08-1EC0-4D6E-B9B6-9A9C643552E7}"
EndProject
Project("{9A19103F-16F7-4668-BE54-9A1E7A4F7556}") = "_build", "..\build\_build.csproj", "{49185332-9D6E-4342-B069-33C438F72680}"
EndProject
Global
	GlobalSection(SolutionConfigurationPlatforms) = preSolution
		Debug|Any CPU = Debug|Any CPU
		Debug|x64 = Debug|x64
		Debug|x86 = Debug|x86
		Release|Any CPU = Release|Any CPU
		Release|x64 = Release|x64
		Release|x86 = Release|x86
	EndGlobalSection
	GlobalSection(ProjectConfigurationPlatforms) = postSolution
		{98030DE1-DC87-4E74-8201-FE8E93E826B5}.Debug|Any CPU.ActiveCfg = Debug|Any CPU
		{98030DE1-DC87-4E74-8201-FE8E93E826B5}.Debug|Any CPU.Build.0 = Debug|Any CPU
		{98030DE1-DC87-4E74-8201-FE8E93E826B5}.Debug|x64.ActiveCfg = Debug|Any CPU
		{98030DE1-DC87-4E74-8201-FE8E93E826B5}.Debug|x64.Build.0 = Debug|Any CPU
		{98030DE1-DC87-4E74-8201-FE8E93E826B5}.Debug|x86.ActiveCfg = Debug|Any CPU
		{98030DE1-DC87-4E74-8201-FE8E93E826B5}.Debug|x86.Build.0 = Debug|Any CPU
		{98030DE1-DC87-4E74-8201-FE8E93E826B5}.Release|Any CPU.ActiveCfg = Release|Any CPU
		{98030DE1-DC87-4E74-8201-FE8E93E826B5}.Release|Any CPU.Build.0 = Release|Any CPU
		{98030DE1-DC87-4E74-8201-FE8E93E826B5}.Release|x64.ActiveCfg = Release|Any CPU
		{98030DE1-DC87-4E74-8201-FE8E93E826B5}.Release|x64.Build.0 = Release|Any CPU
		{98030DE1-DC87-4E74-8201-FE8E93E826B5}.Release|x86.ActiveCfg = Release|Any CPU
		{98030DE1-DC87-4E74-8201-FE8E93E826B5}.Release|x86.Build.0 = Release|Any CPU
		{A97B9A08-1EC0-4D6E-B9B6-9A9C643552E7}.Debug|Any CPU.ActiveCfg = Debug|Any CPU
		{A97B9A08-1EC0-4D6E-B9B6-9A9C643552E7}.Debug|Any CPU.Build.0 = Debug|Any CPU
		{A97B9A08-1EC0-4D6E-B9B6-9A9C643552E7}.Debug|x64.ActiveCfg = Debug|Any CPU
		{A97B9A08-1EC0-4D6E-B9B6-9A9C643552E7}.Debug|x64.Build.0 = Debug|Any CPU
		{A97B9A08-1EC0-4D6E-B9B6-9A9C643552E7}.Debug|x86.ActiveCfg = Debug|Any CPU
		{A97B9A08-1EC0-4D6E-B9B6-9A9C643552E7}.Debug|x86.Build.0 = Debug|Any CPU
		{A97B9A08-1EC0-4D6E-B9B6-9A9C643552E7}.Release|Any CPU.ActiveCfg = Release|Any CPU
		{A97B9A08-1EC0-4D6E-B9B6-9A9C643552E7}.Release|Any CPU.Build.0 = Release|Any CPU
		{A97B9A08-1EC0-4D6E-B9B6-9A9C643552E7}.Release|x64.ActiveCfg = Release|Any CPU
		{A97B9A08-1EC0-4D6E-B9B6-9A9C643552E7}.Release|x64.Build.0 = Release|Any CPU
		{A97B9A08-1EC0-4D6E-B9B6-9A9C643552E7}.Release|x86.ActiveCfg = Release|Any CPU
		{A97B9A08-1EC0-4D6E-B9B6-9A9C643552E7}.Release|x86.Build.0 = Release|Any CPU
		{49185332-9D6E-4342-B069-33C438F72680}.Debug|Any CPU.ActiveCfg = Debug|Any CPU
		{49185332-9D6E-4342-B069-33C438F72680}.Debug|x64.ActiveCfg = Debug|Any CPU
		{49185332-9D6E-4342-B069-33C438F72680}.Debug|x64.Build.0 = Debug|Any CPU
		{49185332-9D6E-4342-B069-33C438F72680}.Debug|x86.ActiveCfg = Debug|Any CPU
		{49185332-9D6E-4342-B069-33C438F72680}.Debug|x86.Build.0 = Debug|Any CPU
		{49185332-9D6E-4342-B069-33C438F72680}.Release|Any CPU.ActiveCfg = Release|Any CPU
		{49185332-9D6E-4342-B069-33C438F72680}.Release|x64.ActiveCfg = Release|Any CPU
		{49185332-9D6E-4342-B069-33C438F72680}.Release|x64.Build.0 = Release|Any CPU
		{49185332-9D6E-4342-B069-33C438F72680}.Release|x86.ActiveCfg = Release|Any CPU
		{49185332-9D6E-4342-B069-33C438F72680}.Release|x86.Build.0 = Release|Any CPU
	EndGlobalSection
	GlobalSection(SolutionProperties) = preSolution
		HideSolutionNode = FALSE
	EndGlobalSection
	GlobalSection(NestedProjects) = preSolution
		{98030DE1-DC87-4E74-8201-FE8E93E826B5} = {A40CFEFF-8CA9-4EAE-BA24-A2339CE505A9}
		{A97B9A08-1EC0-4D6E-B9B6-9A9C643552E7} = {52028C35-5636-452C-A5BE-46B0EA0EF5D2}
	EndGlobalSection
	GlobalSection(ExtensibilityGlobals) = postSolution
		SolutionGuid = {EFAC308B-D2E0-45A1-BB49-EE205AA52626}
	EndGlobalSection
EndGlobal
